
Microsoft Visual Studio Solution File, Format Version 12.00
# Visual Studio 15
VisualStudioVersion = 15.0.26430.6
MinimumVisualStudioVersion = 10.0.40219.1
Project("{FAE04EC0-301F-11D3-BF4B-00C04F79EFBC}") = "QX_Frame.Helper_DG.NETFramework461", "QX_Frame.Helper_DG_NETFramework461\QX_Frame.Helper_DG.NETFramework461.csproj", "{D2E5D39C-9457-4BCE-8869-9FF2B49EDE62}"
EndProject
Project("{FAE04EC0-301F-11D3-BF4B-00C04F79EFBC}") = "QX_Frame.Helper_DG.NETFramework45", "QX_Frame.Helper_DG_NETFramework45\QX_Frame.Helper_DG.NETFramework45.csproj", "{160D5850-5485-42C9-997B-F0DC860BA9AF}"
EndProject
Project("{FAE04EC0-301F-11D3-BF4B-00C04F79EFBC}") = "QX_Frame.Helper_DG.NETStandard14", "QX_Frame.Helper_DG_NETStandard14\QX_Frame.Helper_DG.NETStandard14.csproj", "{BD003CFC-91A4-4266-94E5-110955CAAC77}"
EndProject
Project("{FAE04EC0-301F-11D3-BF4B-00C04F79EFBC}") = "OWIN.WebApi.Srv.NETFramework461", "OWIN.WebApi.Srv.NETFramework461\OWIN.WebApi.Srv.NETFramework461.csproj", "{53D2B4C5-5DB0-40EA-B5C2-77F1FFC727CF}"
EndProject
Project("{FAE04EC0-301F-11D3-BF4B-00C04F79EFBC}") = "OWIN.WebApi.NETFramework461", "OWIN.WebApi.NETFramework461\OWIN.WebApi.NETFramework461.csproj", "{16C96484-3B40-43FB-B30C-21E8A6AB4FBC}"
EndProject
Project("{FAE04EC0-301F-11D3-BF4B-00C04F79EFBC}") = "Test.ConsoleApp1.NETFramework461", "Test.ConsoleApp1.NETFramework461\Test.ConsoleApp1.NETFramework461.csproj", "{77A2AF7F-D5BA-47C9-9989-AF28C11FF470}"
EndProject
Project("{FAE04EC0-301F-11D3-BF4B-00C04F79EFBC}") = "WcfService.NETFramework461", "WcfService.NETFramework461\WcfService.NETFramework461.csproj", "{B8CC7615-8688-45D2-9677-BDCD58454BBA}"
EndProject
Project("{FAE04EC0-301F-11D3-BF4B-00C04F79EFBC}") = "Unity3D.NETFramework461", "Unity3D.NETFramework461\Unity3D.NETFramework461.csproj", "{BBC98F76-E867-45A6-98E2-5721F1B05C04}"
EndProject
Project("{FAE04EC0-301F-11D3-BF4B-00C04F79EFBC}") = "FormAppMapOperation.NETFramework461", "FormAppMapOperation.NETFramework461\FormAppMapOperation.NETFramework461.csproj", "{B8420BF4-537F-4A1E-88DE-2E87C73E24BF}"
EndProject
Project("{FAE04EC0-301F-11D3-BF4B-00C04F79EFBC}") = "FormAppWebKitBrowser.NETFramework461", "FormAppWebKitBrowser.NETFramework461\FormAppWebKitBrowser.NETFramework461.csproj", "{69A371F7-F5A3-4A08-99E3-788F214434BF}"
EndProject
Project("{FAE04EC0-301F-11D3-BF4B-00C04F79EFBC}") = "MediaPlay.NETFramework461", "MediaPlay.NETFramework461\MediaPlay.NETFramework461.csproj", "{04770880-8DCF-455F-B3A6-5C4163C7978C}"
EndProject
Project("{FAE04EC0-301F-11D3-BF4B-00C04F79EFBC}") = "Test.FormsApp.NETFramework461", "Test.FormsApp.NETFramework461\Test.FormsApp.NETFramework461.csproj", "{80F8E02A-70A1-49C4-A865-7B627613B65A}"
EndProject
Project("{FAE04EC0-301F-11D3-BF4B-00C04F79EFBC}") = "Image.NetFramework461", "Image.NetFramework461\Image.NetFramework461.csproj", "{E30EE108-D6FD-48C7-8748-7A141C667CA8}"
EndProject
Global
	GlobalSection(SolutionConfigurationPlatforms) = preSolution
		Debug|Any CPU = Debug|Any CPU
		Release|Any CPU = Release|Any CPU
	EndGlobalSection
	GlobalSection(ProjectConfigurationPlatforms) = postSolution
		{D2E5D39C-9457-4BCE-8869-9FF2B49EDE62}.Debug|Any CPU.ActiveCfg = Debug|Any CPU
		{D2E5D39C-9457-4BCE-8869-9FF2B49EDE62}.Debug|Any CPU.Build.0 = Debug|Any CPU
		{D2E5D39C-9457-4BCE-8869-9FF2B49EDE62}.Release|Any CPU.ActiveCfg = Release|Any CPU
		{D2E5D39C-9457-4BCE-8869-9FF2B49EDE62}.Release|Any CPU.Build.0 = Release|Any CPU
		{160D5850-5485-42C9-997B-F0DC860BA9AF}.Debug|Any CPU.ActiveCfg = Debug|Any CPU
		{160D5850-5485-42C9-997B-F0DC860BA9AF}.Debug|Any CPU.Build.0 = Debug|Any CPU
		{160D5850-5485-42C9-997B-F0DC860BA9AF}.Release|Any CPU.ActiveCfg = Release|Any CPU
		{160D5850-5485-42C9-997B-F0DC860BA9AF}.Release|Any CPU.Build.0 = Release|Any CPU
		{BD003CFC-91A4-4266-94E5-110955CAAC77}.Debug|Any CPU.ActiveCfg = Debug|Any CPU
		{BD003CFC-91A4-4266-94E5-110955CAAC77}.Debug|Any CPU.Build.0 = Debug|Any CPU
		{BD003CFC-91A4-4266-94E5-110955CAAC77}.Release|Any CPU.ActiveCfg = Release|Any CPU
		{BD003CFC-91A4-4266-94E5-110955CAAC77}.Release|Any CPU.Build.0 = Release|Any CPU
		{53D2B4C5-5DB0-40EA-B5C2-77F1FFC727CF}.Debug|Any CPU.ActiveCfg = Debug|Any CPU
		{53D2B4C5-5DB0-40EA-B5C2-77F1FFC727CF}.Debug|Any CPU.Build.0 = Debug|Any CPU
		{53D2B4C5-5DB0-40EA-B5C2-77F1FFC727CF}.Release|Any CPU.ActiveCfg = Release|Any CPU
		{53D2B4C5-5DB0-40EA-B5C2-77F1FFC727CF}.Release|Any CPU.Build.0 = Release|Any CPU
		{16C96484-3B40-43FB-B30C-21E8A6AB4FBC}.Debug|Any CPU.ActiveCfg = Debug|Any CPU
		{16C96484-3B40-43FB-B30C-21E8A6AB4FBC}.Debug|Any CPU.Build.0 = Debug|Any CPU
		{16C96484-3B40-43FB-B30C-21E8A6AB4FBC}.Release|Any CPU.ActiveCfg = Release|Any CPU
		{16C96484-3B40-43FB-B30C-21E8A6AB4FBC}.Release|Any CPU.Build.0 = Release|Any CPU
		{77A2AF7F-D5BA-47C9-9989-AF28C11FF470}.Debug|Any CPU.ActiveCfg = Debug|Any CPU
		{77A2AF7F-D5BA-47C9-9989-AF28C11FF470}.Debug|Any CPU.Build.0 = Debug|Any CPU
		{77A2AF7F-D5BA-47C9-9989-AF28C11FF470}.Release|Any CPU.ActiveCfg = Release|Any CPU
		{77A2AF7F-D5BA-47C9-9989-AF28C11FF470}.Release|Any CPU.Build.0 = Release|Any CPU
		{B8CC7615-8688-45D2-9677-BDCD58454BBA}.Debug|Any CPU.ActiveCfg = Debug|Any CPU
		{B8CC7615-8688-45D2-9677-BDCD58454BBA}.Debug|Any CPU.Build.0 = Debug|Any CPU
		{B8CC7615-8688-45D2-9677-BDCD58454BBA}.Release|Any CPU.ActiveCfg = Release|Any CPU
		{B8CC7615-8688-45D2-9677-BDCD58454BBA}.Release|Any CPU.Build.0 = Release|Any CPU
		{BBC98F76-E867-45A6-98E2-5721F1B05C04}.Debug|Any CPU.ActiveCfg = Debug|Any CPU
		{BBC98F76-E867-45A6-98E2-5721F1B05C04}.Debug|Any CPU.Build.0 = Debug|Any CPU
		{BBC98F76-E867-45A6-98E2-5721F1B05C04}.Release|Any CPU.ActiveCfg = Release|Any CPU
		{BBC98F76-E867-45A6-98E2-5721F1B05C04}.Release|Any CPU.Build.0 = Release|Any CPU
		{B8420BF4-537F-4A1E-88DE-2E87C73E24BF}.Debug|Any CPU.ActiveCfg = Debug|Any CPU
		{B8420BF4-537F-4A1E-88DE-2E87C73E24BF}.Debug|Any CPU.Build.0 = Debug|Any CPU
		{B8420BF4-537F-4A1E-88DE-2E87C73E24BF}.Release|Any CPU.ActiveCfg = Release|Any CPU
		{B8420BF4-537F-4A1E-88DE-2E87C73E24BF}.Release|Any CPU.Build.0 = Release|Any CPU
		{69A371F7-F5A3-4A08-99E3-788F214434BF}.Debug|Any CPU.ActiveCfg = Debug|Any CPU
		{69A371F7-F5A3-4A08-99E3-788F214434BF}.Debug|Any CPU.Build.0 = Debug|Any CPU
		{69A371F7-F5A3-4A08-99E3-788F214434BF}.Release|Any CPU.ActiveCfg = Release|Any CPU
		{69A371F7-F5A3-4A08-99E3-788F214434BF}.Release|Any CPU.Build.0 = Release|Any CPU
		{04770880-8DCF-455F-B3A6-5C4163C7978C}.Debug|Any CPU.ActiveCfg = Debug|Any CPU
		{04770880-8DCF-455F-B3A6-5C4163C7978C}.Debug|Any CPU.Build.0 = Debug|Any CPU
		{04770880-8DCF-455F-B3A6-5C4163C7978C}.Release|Any CPU.ActiveCfg = Release|Any CPU
		{04770880-8DCF-455F-B3A6-5C4163C7978C}.Release|Any CPU.Build.0 = Release|Any CPU
		{80F8E02A-70A1-49C4-A865-7B627613B65A}.Debug|Any CPU.ActiveCfg = Debug|Any CPU
		{80F8E02A-70A1-49C4-A865-7B627613B65A}.Debug|Any CPU.Build.0 = Debug|Any CPU
		{80F8E02A-70A1-49C4-A865-7B627613B65A}.Release|Any CPU.ActiveCfg = Release|Any CPU
		{80F8E02A-70A1-49C4-A865-7B627613B65A}.Release|Any CPU.Build.0 = Release|Any CPU
		{E30EE108-D6FD-48C7-8748-7A141C667CA8}.Debug|Any CPU.ActiveCfg = Debug|Any CPU
		{E30EE108-D6FD-48C7-8748-7A141C667CA8}.Debug|Any CPU.Build.0 = Debug|Any CPU
		{E30EE108-D6FD-48C7-8748-7A141C667CA8}.Release|Any CPU.ActiveCfg = Release|Any CPU
		{E30EE108-D6FD-48C7-8748-7A141C667CA8}.Release|Any CPU.Build.0 = Release|Any CPU
	EndGlobalSection
	GlobalSection(SolutionProperties) = preSolution
		HideSolutionNode = FALSE
	EndGlobalSection
EndGlobal
